// !$*UTF8*$!
{
	archiveVersion = 1;
	classes = {
	};
	objectVersion = 77;
	objects = {

/* Begin PBXBuildFile section */
		FFBACCB42FBFB77D00268CA1 /* ComposableArchitecture in Frameworks */ = {isa = PBXBuildFile; productRef = FFE500912FB24C45005E0E31 /* ComposableArchitecture */; };
		FFBACCB52FBFB77D00268CA1 /* ComposableArchitecture in Frameworks */ = {isa = PBXBuildFile; productRef = FFE500922FB24C45005E0E31 /* ComposableArchitecture */; };
		FFBACCB62FBFB77D00268CA1 /* Dependencies in Frameworks */ = {isa = PBXBuildFile; productRef = FFE500A32FB24C45005E0E31 /* Dependencies */; };
		FFBACCB72FBFB77D00268CA1 /* CasePaths in Frameworks */ = {isa = PBXBuildFile; productRef = FFE500A52FB24C45005E0E31 /* CasePaths */; };
		FFBACCB82FBFB77D00268CA1 /* Perception in Frameworks */ = {isa = PBXBuildFile; productRef = FFE500A72FB24C45005E0E31 /* Perception */; };
		FFBACCB92FBFB77D00268CA1 /* IssueReporting in Frameworks */ = {isa = PBXBuildFile; productRef = FFE500A92FB24C45005E0E31 /* IssueReporting */; };
/* End PBXBuildFile section */

/* Begin PBXContainerItemProxy section */
		FFE500732FB24C44005E0E31 /* PBXContainerItemProxy */ = {
			isa = PBXContainerItemProxy;
			containerPortal = FFE5005B2FB24C42005E0E31 /* Project object */;
			proxyType = 1;
			remoteGlobalIDString = FFE500622FB24C42005E0E31;
			remoteInfo = NoteSense;
		};
		FFE5007D2FB24C44005E0E31 /* PBXContainerItemProxy */ = {
			isa = PBXContainerItemProxy;
			containerPortal = FFE5005B2FB24C42005E0E31 /* Project object */;
			proxyType = 1;
			remoteGlobalIDString = FFE500622FB24C42005E0E31;
			remoteInfo = NoteSense;
		};
/* End PBXContainerItemProxy section */

/* Begin PBXFileReference section */
		FFE500632FB24C43005E0E31 /* NoteSense.app */ = {isa = PBXFileReference; explicitFileType = wrapper.application; includeInIndex = 0; path = NoteSense.app; sourceTree = BUILT_PRODUCTS_DIR; };
		FFE500722FB24C44005E0E31 /* NoteSenseTests.xctest */ = {isa = PBXFileReference; explicitFileType = wrapper.cfbundle; includeInIndex = 0; path = NoteSenseTests.xctest; sourceTree = BUILT_PRODUCTS_DIR; };
		FFE5007C2FB24C44005E0E31 /* NoteSenseUITests.xctest */ = {isa = PBXFileReference; explicitFileType = wrapper.cfbundle; includeInIndex = 0; path = NoteSenseUITests.xctest; sourceTree = BUILT_PRODUCTS_DIR; };
/* End PBXFileReference section */

/* Begin PBXFileSystemSynchronizedRootGroup section */
		FFE500652FB24C43005E0E31 /* NoteSense */ = {
			isa = PBXFileSystemSynchronizedRootGroup;
			path = NoteSense;
			sourceTree = "<group>";
		};
		FFE500752FB24C44005E0E31 /* NoteSenseTests */ = {
			isa = PBXFileSystemSynchronizedRootGroup;
			path = NoteSenseTests;
			sourceTree = "<group>";
		};
		FFE5007F2FB24C44005E0E31 /* NoteSenseUITests */ = {
			isa = PBXFileSystemSynchronizedRootGroup;
			path = NoteSenseUITests;
			sourceTree = "<group>";
		};
/* End PBXFileSystemSynchronizedRootGroup section */

/* Begin PBXFrameworksBuildPhase section */
		FFE500602FB24C42005E0E31 /* Frameworks */ = {
			isa = PBXFrameworksBuildPhase;
			buildActionMask = 2147483647;
			files = (
				FFBACCB42FBFB77D00268CA1 /* ComposableArchitecture in Frameworks */,
			);
			runOnlyForDeploymentPostprocessing = 0;
		};
		FFE5006F2FB24C44005E0E31 /* Frameworks */ = {
			isa = PBXFrameworksBuildPhase;
			buildActionMask = 2147483647;
			files = (
				FFBACCB52FBFB77D00268CA1 /* ComposableArchitecture in Frameworks */,
				FFBACCB62FBFB77D00268CA1 /* Dependencies in Frameworks */,
				FFBACCB72FBFB77D00268CA1 /* CasePaths in Frameworks */,
				FFBACCB82FBFB77D00268CA1 /* Perception in Frameworks */,
				FFBACCB92FBFB77D00268CA1 /* IssueReporting in Frameworks */,
			);
			runOnlyForDeploymentPostprocessing = 0;
		};
		FFE500792FB24C44005E0E31 /* Frameworks */ = {
			isa = PBXFrameworksBuildPhase;
			buildActionMask = 2147483647;
			files = (
			);
			runOnlyForDeploymentPostprocessing = 0;
		};
/* End PBXFrameworksBuildPhase section */

/* Begin PBXGroup section */
		FFE5005A2FB24C42005E0E31 = {
			isa = PBXGroup;
			children = (
				FFE500652FB24C43005E0E31 /* NoteSense */,
				FFE500752FB24C44005E0E31 /* NoteSenseTests */,
				FFE5007F2FB24C44005E0E31 /* NoteSenseUITests */,
				FFE500642FB24C43005E0E31 /* Products */,
			);
			sourceTree = "<group>";
		};
		FFE500642FB24C43005E0E31 /* Products */ = {
			isa = PBXGroup;
			children = (
				FFE500632FB24C43005E0E31 /* NoteSense.app */,
				FFE500722FB24C44005E0E31 /* NoteSenseTests.xctest */,
				FFE5007C2FB24C44005E0E31 /* NoteSenseUITests.xctest */,
			);
			name = Products;
			sourceTree = "<group>";
		};
/* End PBXGroup section */

/* Begin PBXNativeTarget section */
		FFE500622FB24C42005E0E31 /* NoteSense */ = {
			isa = PBXNativeTarget;
			buildConfigurationList = FFE500862FB24C44005E0E31 /* Build configuration list for PBXNativeTarget "NoteSense" */;
			buildPhases = (
				FFE5005F2FB24C42005E0E31 /* Sources */,
				FFE500602FB24C42005E0E31 /* Frameworks */,
				FFE500612FB24C42005E0E31 /* Resources */,
			);
			buildRules = (
			);
			dependencies = (
			);
			fileSystemSynchronizedGroups = (
				FFE500652FB24C43005E0E31 /* NoteSense */,
			);
			name = NoteSense;
			packageProductDependencies = (
				FFE500912FB24C45005E0E31 /* ComposableArchitecture */,
			);
			productName = NoteSense;
			productReference = FFE500632FB24C43005E0E31 /* NoteSense.app */;
			productType = "com.apple.product-type.application";
		};
		FFE500712FB24C44005E0E31 /* NoteSenseTests */ = {
			isa = PBXNativeTarget;
			buildConfigurationList = FFE500892FB24C44005E0E31 /* Build configuration list for PBXNativeTarget "NoteSenseTests" */;
			buildPhases = (
				FFE5006E2FB24C44005E0E31 /* Sources */,
				FFE5006F2FB24C44005E0E31 /* Frameworks */,
				FFE500702FB24C44005E0E31 /* Resources */,
			);
			buildRules = (
			);
			dependencies = (
				FFE500742FB24C44005E0E31 /* PBXTargetDependency */,
			);
			fileSystemSynchronizedGroups = (
				FFE500752FB24C44005E0E31 /* NoteSenseTests */,
			);
			name = NoteSenseTests;
			packageProductDependencies = (
				FFE500922FB24C45005E0E31 /* ComposableArchitecture */,
				FFE500A32FB24C45005E0E31 /* Dependencies */,
				FFE500A52FB24C45005E0E31 /* CasePaths */,
				FFE500A72FB24C45005E0E31 /* Perception */,
				FFE500A92FB24C45005E0E31 /* IssueReporting */,
			);
			productName = NoteSenseTests;
			productReference = FFE500722FB24C44005E0E31 /* NoteSenseTests.xctest */;
			productType = "com.apple.product-type.bundle.unit-test";
		};
		FFE5007B2FB24C44005E0E31 /* NoteSenseUITests */ = {
			isa = PBXNativeTarget;
			buildConfigurationList = FFE5008C2FB24C44005E0E31 /* Build configuration list for PBXNativeTarget "NoteSenseUITests" */;
			buildPhases = (
				FFE500782FB24C44005E0E31 /* Sources */,
				FFE500792FB24C44005E0E31 /* Frameworks */,
				FFE5007A2FB24C44005E0E31 /* Resources */,
			);
			buildRules = (
			);
			dependencies = (
				FFE5007E2FB24C44005E0E31 /* PBXTargetDependency */,
			);
			fileSystemSynchronizedGroups = (
				FFE5007F2FB24C44005E0E31 /* NoteSenseUITests */,
			);
			name = NoteSenseUITests;
			packageProductDependencies = (
			);
			productName = NoteSenseUITests;
			productReference = FFE5007C2FB24C44005E0E31 /* NoteSenseUITests.xctest */;
			productType = "com.apple.product-type.bundle.ui-testing";
		};
/* End PBXNativeTarget section */

/* Begin PBXProject section */
		FFE5005B2FB24C42005E0E31 /* Project object */ = {
			isa = PBXProject;
			attributes = {
				BuildIndependentTargetsInParallel = 1;
				LastSwiftUpdateCheck = 2640;
				LastUpgradeCheck = 2640;
				TargetAttributes = {
					FFE500622FB24C42005E0E31 = {
						CreatedOnToolsVersion = 26.4.1;
					};
					FFE500712FB24C44005E0E31 = {
						CreatedOnToolsVersion = 26.4.1;
						TestTargetID = FFE500622FB24C42005E0E31;
					};
					FFE5007B2FB24C44005E0E31 = {
						CreatedOnToolsVersion = 26.4.1;
						TestTargetID = FFE500622FB24C42005E0E31;
					};
				};
			};
			buildConfigurationList = FFE5005E2FB24C42005E0E31 /* Build configuration list for PBXProject "NoteSense" */;
			developmentRegion = en;
			hasScannedForEncodings = 0;
			knownRegions = (
				en,
				Base,
			);
			mainGroup = FFE5005A2FB24C42005E0E31;
			minimizedProjectReferenceProxies = 1;
			packageReferences = (
				FFE500902FB24C45005E0E31 /* XCRemoteSwiftPackageReference "swift-composable-architecture" */,
				FFE500932FB24C45005E0E31 /* XCRemoteSwiftPackageReference "swift-dependencies" */,
				FFE500942FB24C45005E0E31 /* XCRemoteSwiftPackageReference "swift-case-paths" */,
				FFE500952FB24C45005E0E31 /* XCRemoteSwiftPackageReference "swift-perception" */,
				FFE500962FB24C45005E0E31 /* XCRemoteSwiftPackageReference "xctest-dynamic-overlay" */,
			);
			preferredProjectObjectVersion = 77;
			productRefGroup = FFE500642FB24C43005E0E31 /* Products */;
			projectDirPath = "";
			projectRoot = "";
			targets = (
				FFE500622FB24C42005E0E31 /* NoteSense */,
				FFE500712FB24C44005E0E31 /* NoteSenseTests */,
				FFE5007B2FB24C44005E0E31 /* NoteSenseUITests */,
			);
		};
/* End PBXProject section */

/* Begin PBXResourcesBuildPhase section */
		FFE500612FB24C42005E0E31 /* Resources */ = {
			isa = PBXResourcesBuildPhase;
			buildActionMask = 2147483647;
			files = (
			);
			runOnlyForDeploymentPostprocessing = 0;
		};
		FFE500702FB24C44005E0E31 /* Resources */ = {
			isa = PBXResourcesBuildPhase;
			buildActionMask = 2147483647;
			files = (
			);
			runOnlyForDeploymentPostprocessing = 0;
		};
		FFE5007A2FB24C44005E0E31 /* Resources */ = {
			isa = PBXResourcesBuildPhase;
			buildActionMask = 2147483647;
			files = (
			);
			runOnlyForDeploymentPostprocessing = 0;
		};
/* End PBXResourcesBuildPhase section */

/* Begin PBXSourcesBuildPhase section */
		FFE5005F2FB24C42005E0E31 /* Sources */ = {
			isa = PBXSourcesBuildPhase;
			buildActionMask = 2147483647;
			files = (
			);
			runOnlyForDeploymentPostprocessing = 0;
		};
		FFE5006E2FB24C44005E0E31 /* Sources */ = {
			isa = PBXSourcesBuildPhase;
			buildActionMask = 2147483647;
			files = (
			);
			runOnlyForDeploymentPostprocessing = 0;
		};
		FFE500782FB24C44005E0E31 /* Sources */ = {
			isa = PBXSourcesBuildPhase;
			buildActionMask = 2147483647;
			files = (
			);
			runOnlyForDeploymentPostprocessing = 0;
		};
/* End PBXSourcesBuildPhase section */

/* Begin PBXTargetDependency section */
		FFE500742FB24C44005E0E31 /* PBXTargetDependency */ = {
			isa = PBXTargetDependency;
			target = FFE500622FB24C42005E0E31 /* NoteSense */;
			targetProxy = FFE500732FB24C44005E0E31 /* PBXContainerItemProxy */;
		};
		FFE5007E2FB24C44005E0E31 /* PBXTargetDependency */ = {
			isa = PBXTargetDependency;
			target = FFE500622FB24C42005E0E31 /* NoteSense */;
			targetProxy = FFE5007D2FB24C44005E0E31 /* PBXContainerItemProxy */;
		};
/* End PBXTargetDependency section */

/* Begin XCBuildConfiguration section */
		FFE500842FB24C44005E0E31 /* Debug */ = {
			isa = XCBuildConfiguration;
			buildSettings = {
				ALWAYS_SEARCH_USER_PATHS = NO;
				ASSETCATALOG_COMPILER_GENERATE_SWIFT_ASSET_SYMBOL_EXTENSIONS = YES;
				CLANG_ANALYZER_NONNULL = YES;
				CLANG_ANALYZER_NUMBER_OBJECT_CONVERSION = YES_AGGRESSIVE;
				CLANG_CXX_LANGUAGE_STANDARD = "gnu++20";
				CLANG_ENABLE_MODULES = YES;
				CLANG_ENABLE_OBJC_ARC = YES;
				CLANG_ENABLE_OBJC_WEAK = YES;
				CLANG_WARN_BLOCK_CAPTURE_AUTORELEASING = YES;
				CLANG_WARN_BOOL_CONVERSION = YES;
				CLANG_WARN_COMMA = YES;
				CLANG_WARN_CONSTANT_CONVERSION = YES;
				CLANG_WARN_DEPRECATED_OBJC_IMPLEMENTATIONS = YES;
				CLANG_WARN_DIRECT_OBJC_ISA_USAGE = YES_ERROR;
				CLANG_WARN_DOCUMENTATION_COMMENTS = YES;
				CLANG_WARN_EMPTY_BODY = YES;
				CLANG_WARN_ENUM_CONVERSION = YES;
				CLANG_WARN_INFINITE_RECURSION = YES;
				CLANG_WARN_INT_CONVERSION = YES;
				CLANG_WARN_NON_LITERAL_NULL_CONVERSION = YES;
				CLANG_WARN_OBJC_IMPLICIT_RETAIN_SELF = YES;
				CLANG_WARN_OBJC_LITERAL_CONVERSION = YES;
				CLANG_WARN_OBJC_ROOT_CLASS = YES_ERROR;
				CLANG_WARN_QUOTED_INCLUDE_IN_FRAMEWORK_HEADER = YES;
				CLANG_WARN_RANGE_LOOP_ANALYSIS = YES;
				CLANG_WARN_STRICT_PROTOTYPES = YES;
				CLANG_WARN_SUSPICIOUS_MOVE = YES;
				CLANG_WARN_UNGUARDED_AVAILABILITY = YES_AGGRESSIVE;
				CLANG_WARN_UNREACHABLE_CODE = YES;
				CLANG_WARN__DUPLICATE_METHOD_MATCH = YES;
				COPY_PHASE_STRIP = NO;
				DEBUG_INFORMATION_FORMAT = dwarf;
				DEVELOPMENT_TEAM = CQM92F4CPM;
				ENABLE_STRICT_OBJC_MSGSEND = YES;
				ENABLE_TESTABILITY = YES;
				ENABLE_USER_SCRIPT_SANDBOXING = YES;
				GCC_C_LANGUAGE_STANDARD = gnu17;
				GCC_DYNAMIC_NO_PIC = NO;
				GCC_NO_COMMON_BLOCKS = YES;
				GCC_OPTIMIZATION_LEVEL = 0;
				GCC_PREPROCESSOR_DEFINITIONS = (
					"DEBUG=1",
					"$(inherited)",
				);
				GCC_WARN_64_TO_32_BIT_CONVERSION = YES;
				GCC_WARN_ABOUT_RETURN_TYPE = YES_ERROR;
				GCC_WARN_UNDECLARED_SELECTOR = YES;
				GCC_WARN_UNINITIALIZED_AUTOS = YES_AGGRESSIVE;
				GCC_WARN_UNUSED_FUNCTION = YES;
				GCC_WARN_UNUSED_VARIABLE = YES;
				IPHONEOS_DEPLOYMENT_TARGET = 26.4;
				LOCALIZATION_PREFERS_STRING_CATALOGS = YES;
				MTL_ENABLE_DEBUG_INFO = INCLUDE_SOURCE;
				MTL_FAST_MATH = YES;
				ONLY_ACTIVE_ARCH = YES;
				SDKROOT = iphoneos;
				SWIFT_ACTIVE_COMPILATION_CONDITIONS = "DEBUG $(inherited)";
				SWIFT_OPTIMIZATION_LEVEL = "-Onone";
			};
			name = Debug;
		};
		FFE500852FB24C44005E0E31 /* Release */ = {
			isa = XCBuildConfiguration;
			buildSettings = {
				ALWAYS_SEARCH_USER_PATHS = NO;
				ASSETCATALOG_COMPILER_GENERATE_SWIFT_ASSET_SYMBOL_EXTENSIONS = YES;
				CLANG_ANALYZER_NONNULL = YES;
				CLANG_ANALYZER_NUMBER_OBJECT_CONVERSION = YES_AGGRESSIVE;
				CLANG_CXX_LANGUAGE_STANDARD = "gnu++20";
				CLANG_ENABLE_MODULES = YES;
				CLANG_ENABLE_OBJC_ARC = YES;
				CLANG_ENABLE_OBJC_WEAK = YES;
				CLANG_WARN_BLOCK_CAPTURE_AUTORELEASING = YES;
				CLANG_WARN_BOOL_CONVERSION = YES;
				CLANG_WARN_COMMA = YES;
				CLANG_WARN_CONSTANT_CONVERSION = YES;
				CLANG_WARN_DEPRECATED_OBJC_IMPLEMENTATIONS = YES;
				CLANG_WARN_DIRECT_OBJC_ISA_USAGE = YES_ERROR;
				CLANG_WARN_DOCUMENTATION_COMMENTS = YES;
				CLANG_WARN_EMPTY_BODY = YES;
				CLANG_WARN_ENUM_CONVERSION = YES;
				CLANG_WARN_INFINITE_RECURSION = YES;
				CLANG_WARN_INT_CONVERSION = YES;
				CLANG_WARN_NON_LITERAL_NULL_CONVERSION = YES;
				CLANG_WARN_OBJC_IMPLICIT_RETAIN_SELF = YES;
				CLANG_WARN_OBJC_LITERAL_CONVERSION = YES;
				CLANG_WARN_OBJC_ROOT_CLASS = YES_ERROR;
				CLANG_WARN_QUOTED_INCLUDE_IN_FRAMEWORK_HEADER = YES;
				CLANG_WARN_RANGE_LOOP_ANALYSIS = YES;
				CLANG_WARN_STRICT_PROTOTYPES = YES;
				CLANG_WARN_SUSPICIOUS_MOVE = YES;
				CLANG_WARN_UNGUARDED_AVAILABILITY = YES_AGGRESSIVE;
				CLANG_WARN_UNREACHABLE_CODE = YES;
				CLANG_WARN__DUPLICATE_METHOD_MATCH = YES;
				COPY_PHASE_STRIP = NO;
				DEBUG_INFORMATION_FORMAT = "dwarf-with-dsym";
				DEVELOPMENT_TEAM = CQM92F4CPM;
				ENABLE_NS_ASSERTIONS = NO;
				ENABLE_STRICT_OBJC_MSGSEND = YES;
				ENABLE_USER_SCRIPT_SANDBOXING = YES;
				GCC_C_LANGUAGE_STANDARD = gnu17;
				GCC_NO_COMMON_BLOCKS = YES;
				GCC_WARN_64_TO_32_BIT_CONVERSION = YES;
				GCC_WARN_ABOUT_RETURN_TYPE = YES_ERROR;
				GCC_WARN_UNDECLARED_SELECTOR = YES;
				GCC_WARN_UNINITIALIZED_AUTOS = YES_AGGRESSIVE;
				GCC_WARN_UNUSED_FUNCTION = YES;
				GCC_WARN_UNUSED_VARIABLE = YES;
				IPHONEOS_DEPLOYMENT_TARGET = 26.4;
				LOCALIZATION_PREFERS_STRING_CATALOGS = YES;
				MTL_ENABLE_DEBUG_INFO = NO;
				MTL_FAST_MATH = YES;
				SDKROOT = iphoneos;
				SWIFT_COMPILATION_MODE = wholemodule;
				VALIDATE_PRODUCT = YES;
			};
			name = Release;
		};
		FFE500872FB24C44005E0E31 /* Debug */ = {
			isa = XCBuildConfiguration;
			buildSettings = {
				ASSETCATALOG_COMPILER_APPICON_NAME = AppIcon;
				ASSETCATALOG_COMPILER_GLOBAL_ACCENT_COLOR_NAME = AccentColor;
				CODE_SIGN_STYLE = Automatic;
				CURRENT_PROJECT_VERSION = 1;
				DEVELOPMENT_TEAM = ZSHY9GTY56;
				ENABLE_PREVIEWS = YES;
				GENERATE_INFOPLIST_FILE = YES;
				INFOPLIST_KEY_NSMicrophoneUsageDescription = "We need permission to use the microphone to record and store your notes.";
				INFOPLIST_KEY_NSSpeechRecognitionUsageDescription = "NoteSense uses your speech to transcribe your voice into notes";
				INFOPLIST_KEY_UIApplicationSceneManifest_Generation = YES;
				INFOPLIST_KEY_UIApplicationSupportsIndirectInputEvents = YES;
				INFOPLIST_KEY_UILaunchScreen_Generation = YES;
				INFOPLIST_KEY_UISupportedInterfaceOrientations_iPad = "UIInterfaceOrientationPortrait UIInterfaceOrientationPortraitUpsideDown UIInterfaceOrientationLandscapeLeft UIInterfaceOrientationLandscapeRight";
				INFOPLIST_KEY_UISupportedInterfaceOrientations_iPhone = "UIInterfaceOrientationPortrait UIInterfaceOrientationLandscapeLeft UIInterfaceOrientationLandscapeRight";
				LD_RUNPATH_SEARCH_PATHS = (
					"$(inherited)",
					"@executable_path/Frameworks",
				);
				MARKETING_VERSION = 1.0;
				PRODUCT_BUNDLE_IDENTIFIER = johngbrrt.NoteSense;
				PRODUCT_NAME = "$(TARGET_NAME)";
				STRING_CATALOG_GENERATE_SYMBOLS = YES;
				SWIFT_APPROACHABLE_CONCURRENCY = YES;
				SWIFT_EMIT_LOC_STRINGS = YES;
				SWIFT_UPCOMING_FEATURE_MEMBER_IMPORT_VISIBILITY = YES;
				SWIFT_VERSION = 5.0;
				TARGETED_DEVICE_FAMILY = "1,2";
			};
			name = Debug;
		};
		FFE500882FB24C44005E0E31 /* Release */ = {
			isa = XCBuildConfiguration;
			buildSettings = {
				ASSETCATALOG_COMPILER_APPICON_NAME = AppIcon;
				ASSETCATALOG_COMPILER_GLOBAL_ACCENT_COLOR_NAME = AccentColor;
				CODE_SIGN_STYLE = Automatic;
				CURRENT_PROJECT_VERSION = 1;
				DEVELOPMENT_TEAM = ZSHY9GTY56;
				ENABLE_PREVIEWS = YES;
				GENERATE_INFOPLIST_FILE = YES;
				INFOPLIST_KEY_NSMicrophoneUsageDescription = "We need permission to use the microphone to record and store your notes.";
				INFOPLIST_KEY_NSSpeechRecognitionUsageDescription = "NoteSense uses your speech to transcribe your voice into notes";
				INFOPLIST_KEY_UIApplicationSceneManifest_Generation = YES;
				INFOPLIST_KEY_UIApplicationSupportsIndirectInputEvents = YES;
				INFOPLIST_KEY_UILaunchScreen_Generation = YES;
				INFOPLIST_KEY_UISupportedInterfaceOrientations_iPad = "UIInterfaceOrientationPortrait UIInterfaceOrientationPortraitUpsideDown UIInterfaceOrientationLandscapeLeft UIInterfaceOrientationLandscapeRight";
				INFOPLIST_KEY_UISupportedInterfaceOrientations_iPhone = "UIInterfaceOrientationPortrait UIInterfaceOrientationLandscapeLeft UIInterfaceOrientationLandscapeRight";
				LD_RUNPATH_SEARCH_PATHS = (
					"$(inherited)",
					"@executable_path/Frameworks",
				);
				MARKETING_VERSION = 1.0;
				PRODUCT_BUNDLE_IDENTIFIER = johngbrrt.NoteSense;
				PRODUCT_NAME = "$(TARGET_NAME)";
				STRING_CATALOG_GENERATE_SYMBOLS = YES;
				SWIFT_APPROACHABLE_CONCURRENCY = YES;
				SWIFT_EMIT_LOC_STRINGS = YES;
				SWIFT_UPCOMING_FEATURE_MEMBER_IMPORT_VISIBILITY = YES;
				SWIFT_VERSION = 5.0;
				TARGETED_DEVICE_FAMILY = "1,2";
			};
			name = Release;
		};
		FFE5008A2FB24C44005E0E31 /* Debug */ = {
			isa = XCBuildConfiguration;
			buildSettings = {
				BUNDLE_LOADER = "$(TEST_HOST)";
				CODE_SIGN_STYLE = Automatic;
				CURRENT_PROJECT_VERSION = 1;
				DEVELOPMENT_TEAM = ZSHY9GTY56;
				GENERATE_INFOPLIST_FILE = YES;
				IPHONEOS_DEPLOYMENT_TARGET = 26.4;
				MARKETING_VERSION = 1.0;
				PRODUCT_BUNDLE_IDENTIFIER = johngbrrt.NoteSenseTests;
				PRODUCT_NAME = "$(TARGET_NAME)";
				STRING_CATALOG_GENERATE_SYMBOLS = NO;
				SWIFT_APPROACHABLE_CONCURRENCY = YES;
				SWIFT_EMIT_LOC_STRINGS = NO;
				SWIFT_UPCOMING_FEATURE_MEMBER_IMPORT_VISIBILITY = YES;
				SWIFT_VERSION = 5.0;
				TARGETED_DEVICE_FAMILY = "1,2";
				TEST_HOST = "$(BUILT_PRODUCTS_DIR)/NoteSense.app/$(BUNDLE_EXECUTABLE_FOLDER_PATH)/NoteSense";
			};
			name = Debug;
		};
		FFE5008B2FB24C44005E0E31 /* Release */ = {
			isa = XCBuildConfiguration;
			buildSettings = {
				BUNDLE_LOADER = "$(TEST_HOST)";
				CODE_SIGN_STYLE = Automatic;
				CURRENT_PROJECT_VERSION = 1;
				DEVELOPMENT_TEAM = ZSHY9GTY56;
				GENERATE_INFOPLIST_FILE = YES;
				IPHONEOS_DEPLOYMENT_TARGET = 26.4;
				MARKETING_VERSION = 1.0;
				PRODUCT_BUNDLE_IDENTIFIER = johngbrrt.NoteSenseTests;
				PRODUCT_NAME = "$(TARGET_NAME)";
				STRING_CATALOG_GENERATE_SYMBOLS = NO;
				SWIFT_APPROACHABLE_CONCURRENCY = YES;
				SWIFT_EMIT_LOC_STRINGS = NO;
				SWIFT_UPCOMING_FEATURE_MEMBER_IMPORT_VISIBILITY = YES;
				SWIFT_VERSION = 5.0;
				TARGETED_DEVICE_FAMILY = "1,2";
				TEST_HOST = "$(BUILT_PRODUCTS_DIR)/NoteSense.app/$(BUNDLE_EXECUTABLE_FOLDER_PATH)/NoteSense";
			};
			name = Release;
		};
		FFE5008D2FB24C44005E0E31 /* Debug */ = {
			isa = XCBuildConfiguration;
			buildSettings = {
				CODE_SIGN_STYLE = Automatic;
				CURRENT_PROJECT_VERSION = 1;
				DEVELOPMENT_TEAM = ZSHY9GTY56;
				GENERATE_INFOPLIST_FILE = YES;
				MARKETING_VERSION = 1.0;
				PRODUCT_BUNDLE_IDENTIFIER = johngbrrt.NoteSenseUITests;
				PRODUCT_NAME = "$(TARGET_NAME)";
				STRING_CATALOG_GENERATE_SYMBOLS = NO;
				SWIFT_APPROACHABLE_CONCURRENCY = YES;
				SWIFT_EMIT_LOC_STRINGS = NO;
				SWIFT_UPCOMING_FEATURE_MEMBER_IMPORT_VISIBILITY = YES;
				SWIFT_VERSION = 5.0;
				TARGETED_DEVICE_FAMILY = "1,2";
				TEST_TARGET_NAME = NoteSense;
			};
			name = Debug;
		};
		FFE5008E2FB24C44005E0E31 /* Release */ = {
			isa = XCBuildConfiguration;
			buildSettings = {
				CODE_SIGN_STYLE = Automatic;
				CURRENT_PROJECT_VERSION = 1;
				DEVELOPMENT_TEAM = ZSHY9GTY56;
				GENERATE_INFOPLIST_FILE = YES;
				MARKETING_VERSION = 1.0;
				PRODUCT_BUNDLE_IDENTIFIER = johngbrrt.NoteSenseUITests;
				PRODUCT_NAME = "$(TARGET_NAME)";
				STRING_CATALOG_GENERATE_SYMBOLS = NO;
				SWIFT_APPROACHABLE_CONCURRENCY = YES;
				SWIFT_EMIT_LOC_STRINGS = NO;
				SWIFT_UPCOMING_FEATURE_MEMBER_IMPORT_VISIBILITY = YES;
				SWIFT_VERSION = 5.0;
				TARGETED_DEVICE_FAMILY = "1,2";
				TEST_TARGET_NAME = NoteSense;
			};
			name = Release;
		};
/* End XCBuildConfiguration section */

/* Begin XCConfigurationList section */
		FFE5005E2FB24C42005E0E31 /* Build configuration list for PBXProject "NoteSense" */ = {
			isa = XCConfigurationList;
			buildConfigurations = (
				FFE500842FB24C44005E0E31 /* Debug */,
				FFE500852FB24C44005E0E31 /* Release */,
			);
			defaultConfigurationIsVisible = 0;
			defaultConfigurationName = Release;
		};
		FFE500862FB24C44005E0E31 /* Build configuration list for PBXNativeTarget "NoteSense" */ = {
			isa = XCConfigurationList;
			buildConfigurations = (
				FFE500872FB24C44005E0E31 /* Debug */,
				FFE500882FB24C44005E0E31 /* Release */,
			);
			defaultConfigurationIsVisible = 0;
			defaultConfigurationName = Release;
		};
		FFE500892FB24C44005E0E31 /* Build configuration list for PBXNativeTarget "NoteSenseTests" */ = {
			isa = XCConfigurationList;
			buildConfigurations = (
				FFE5008A2FB24C44005E0E31 /* Debug */,
				FFE5008B2FB24C44005E0E31 /* Release */,
			);
			defaultConfigurationIsVisible = 0;
			defaultConfigurationName = Release;
		};
		FFE5008C2FB24C44005E0E31 /* Build configuration list for PBXNativeTarget "NoteSenseUITests" */ = {
			isa = XCConfigurationList;
			buildConfigurations = (
				FFE5008D2FB24C44005E0E31 /* Debug */,
				FFE5008E2FB24C44005E0E31 /* Release */,
			);
			defaultConfigurationIsVisible = 0;
			defaultConfigurationName = Release;
		};
/* End XCConfigurationList section */

/* Begin XCRemoteSwiftPackageReference section */
		FFE500902FB24C45005E0E31 /* XCRemoteSwiftPackageReference "swift-composable-architecture" */ = {
			isa = XCRemoteSwiftPackageReference;
			repositoryURL = "https://github.com/pointfreeco/swift-composable-architecture";
			requirement = {
				kind = upToNextMajorVersion;
				minimumVersion = 1.17.0;
			};
			traits = (
			);
		};
		FFE500932FB24C45005E0E31 /* XCRemoteSwiftPackageReference "swift-dependencies" */ = {
			isa = XCRemoteSwiftPackageReference;
			repositoryURL = "https://github.com/pointfreeco/swift-dependencies";
			requirement = {
				kind = upToNextMajorVersion;
				minimumVersion = 1.12.0;
			};
			traits = (
			);
		};
		FFE500942FB24C45005E0E31 /* XCRemoteSwiftPackageReference "swift-case-paths" */ = {
			isa = XCRemoteSwiftPackageReference;
			repositoryURL = "https://github.com/pointfreeco/swift-case-paths";
			requirement = {
				kind = upToNextMajorVersion;
				minimumVersion = 1.7.0;
			};
			traits = (
			);
		};
		FFE500952FB24C45005E0E31 /* XCRemoteSwiftPackageReference "swift-perception" */ = {
			isa = XCRemoteSwiftPackageReference;
			repositoryURL = "https://github.com/pointfreeco/swift-perception";
			requirement = {
				kind = upToNextMajorVersion;
				minimumVersion = 2.0.0;
			};
			traits = (
			);
		};
		FFE500962FB24C45005E0E31 /* XCRemoteSwiftPackageReference "xctest-dynamic-overlay" */ = {
			isa = XCRemoteSwiftPackageReference;
			repositoryURL = "https://github.com/pointfreeco/xctest-dynamic-overlay";
			requirement = {
				kind = upToNextMajorVersion;
				minimumVersion = 1.9.0;
			};
			traits = (
			);
		};
/* End XCRemoteSwiftPackageReference section */

/* Begin XCSwiftPackageProductDependency section */
		FFE500912FB24C45005E0E31 /* ComposableArchitecture */ = {
			isa = XCSwiftPackageProductDependency;
			package = FFE500902FB24C45005E0E31 /* XCRemoteSwiftPackageReference "swift-composable-architecture" */;
			productName = ComposableArchitecture;
		};
		FFE500922FB24C45005E0E31 /* ComposableArchitecture */ = {
			isa = XCSwiftPackageProductDependency;
			package = FFE500902FB24C45005E0E31 /* XCRemoteSwiftPackageReference "swift-composable-architecture" */;
			productName = ComposableArchitecture;
		};
		FFE500A32FB24C45005E0E31 /* Dependencies */ = {
			isa = XCSwiftPackageProductDependency;
			package = FFE500932FB24C45005E0E31 /* XCRemoteSwiftPackageReference "swift-dependencies" */;
			productName = Dependencies;
		};
		FFE500A52FB24C45005E0E31 /* CasePaths */ = {
			isa = XCSwiftPackageProductDependency;
			package = FFE500942FB24C45005E0E31 /* XCRemoteSwiftPackageReference "swift-case-paths" */;
			productName = CasePaths;
		};
		FFE500A72FB24C45005E0E31 /* Perception */ = {
			isa = XCSwiftPackageProductDependency;
			package = FFE500952FB24C45005E0E31 /* XCRemoteSwiftPackageReference "swift-perception" */;
			productName = Perception;
		};
		FFE500A92FB24C45005E0E31 /* IssueReporting */ = {
			isa = XCSwiftPackageProductDependency;
			package = FFE500962FB24C45005E0E31 /* XCRemoteSwiftPackageReference "xctest-dynamic-overlay" */;
			productName = IssueReporting;
		};
/* End XCSwiftPackageProductDependency section */
	};
	rootObject = FFE5005B2FB24C42005E0E31 /* Project object */;
}
